
Microsoft Visual Studio Solution File, Format Version 12.00
# Visual Studio 15
VisualStudioVersion = 15.0.27004.2005
MinimumVisualStudioVersion = 10.0.40219.1
Project("{F16D4249-6279-474E-8826-742E7FF7445C}") = "SpectrumCodeDiscovery1", "SpectrumCodeDiscovery1\SpectrumCodeDiscovery1.z80cdproj", "{0FB87AC0-C956-491C-946C-0F6D78178C00}"
EndProject
Global
	GlobalSection(SolutionProperties) = preSolution
		HideSolutionNode = FALSE
	EndGlobalSection
	GlobalSection(ExtensibilityGlobals) = postSolution
		SolutionGuid = {A86E54BC-92BB-41BE-9D86-E10D8FCD6FFC}
	EndGlobalSection
EndGlobal
